{
  "name": "@clovie/docs",
  "version": "1.0.0",
  "lockfileVersion": 3,
  "requires": true,
  "packages": {
    "": {
      "name": "@clovie/docs",
      "version": "1.0.0",
      "devDependencies": {
        "clovie": "file:../"
      }
    },
    "..": {
      "version": "0.0.23",
      "dev": true,
      "license": "MIT",
      "dependencies": {
        "@babel/core": "^7.23.7",
        "@babel/preset-env": "^7.23.7",
        "babelify": "^10.0.0",
        "chokidar": "^3.5.3",
        "command-line-args": "^5.2.1",
        "esbuild": "^0.19.11",
        "express": "^4.18.2",
        "handlebars": "^4.7.8",
        "sass": "^1.69.5",
        "socket.io": "^4.7.4",
        "type-detect": "^4.0.8"
      },
      "bin": {
        "clovie": "bin/cli.js"
      },
      "devDependencies": {
        "vitest": "^1.0.4"
      },
      "engines": {
        "node": ">=18.0.0"
      }
    },
    "node_modules/clovie": {
      "resolved": "..",
      "link": true
    }
  }
}
